
Microsoft Visual Studio Solution File, Format Version 12.00
# Visual Studio Version 17
VisualStudioVersion = 17.8.34330.188
MinimumVisualStudioVersion = 10.0.40219.1
Project("{9A19103F-16F7-4668-BE54-9A1E7A4F7556}") = "DoMCModuleControl", "DoMCModuleControl\DoMCModuleControl.csproj", "{CB63A94F-EFAD-4795-BD1E-2B5C63838887}"
EndProject
Project("{9A19103F-16F7-4668-BE54-9A1E7A4F7556}") = "DoMCLib", "DoMCLib\DoMCLib.csproj", "{8663B34B-343A-4EF8-90FB-6C53E22B8A53}"
EndProject
Project("{9A19103F-16F7-4668-BE54-9A1E7A4F7556}") = "TestApplication", "TestApplication\TestApplication.csproj", "{B2BDF4CF-F6AF-47B5-A7AA-604C17090024}"
EndProject
Project("{9A19103F-16F7-4668-BE54-9A1E7A4F7556}") = "CreateCommands", "TestApp\CreateCommands.csproj", "{EA51A90A-86C0-4E18-9F50-F10AB289188B}"
EndProject
Project("{2150E333-8FDC-42A3-9474-1A3956D46DE8}") = "Tools", "Tools", "{0E503F2A-9F5B-4675-A5CA-361F388639FD}"
EndProject
Project("{9A19103F-16F7-4668-BE54-9A1E7A4F7556}") = "DoMC", "DoMC\DoMC.csproj", "{C78D4114-28DA-407F-980B-AE4463A3E21C}"
EndProject
Project("{FAE04EC0-301F-11D3-BF4B-00C04F79EFBC}") = "DoMCModuleControlTests", "DoMCModuleControlTests\DoMCModuleControlTests.csproj", "{0DC95198-DC04-4E00-BD30-1D1AB8AD557F}"
EndProject
Project("{2150E333-8FDC-42A3-9474-1A3956D46DE8}") = "UnitTests", "UnitTests", "{7B513BA1-BC83-4A22-994D-A74256CA11C7}"
EndProject
Project("{FAE04EC0-301F-11D3-BF4B-00C04F79EFBC}") = "DoMCLibTests", "DoMCLibTests\DoMCLibTests.csproj", "{D9314EC6-D68F-405D-96B7-7C4C22E52E79}"
EndProject
Project("{FAE04EC0-301F-11D3-BF4B-00C04F79EFBC}") = "DoMCTestingTools", "DoMCTestingTools\DoMCTestingTools.csproj", "{CA21972A-D855-4E71-98A2-CF2FA06AA695}"
EndProject
Global
	GlobalSection(SolutionConfigurationPlatforms) = preSolution
		Debug|Any CPU = Debug|Any CPU
		Release|Any CPU = Release|Any CPU
	EndGlobalSection
	GlobalSection(ProjectConfigurationPlatforms) = postSolution
		{CB63A94F-EFAD-4795-BD1E-2B5C63838887}.Debug|Any CPU.ActiveCfg = Debug|Any CPU
		{CB63A94F-EFAD-4795-BD1E-2B5C63838887}.Debug|Any CPU.Build.0 = Debug|Any CPU
		{CB63A94F-EFAD-4795-BD1E-2B5C63838887}.Release|Any CPU.ActiveCfg = Release|Any CPU
		{CB63A94F-EFAD-4795-BD1E-2B5C63838887}.Release|Any CPU.Build.0 = Release|Any CPU
		{8663B34B-343A-4EF8-90FB-6C53E22B8A53}.Debug|Any CPU.ActiveCfg = Debug|Any CPU
		{8663B34B-343A-4EF8-90FB-6C53E22B8A53}.Debug|Any CPU.Build.0 = Debug|Any CPU
		{8663B34B-343A-4EF8-90FB-6C53E22B8A53}.Release|Any CPU.ActiveCfg = Release|Any CPU
		{8663B34B-343A-4EF8-90FB-6C53E22B8A53}.Release|Any CPU.Build.0 = Release|Any CPU
		{B2BDF4CF-F6AF-47B5-A7AA-604C17090024}.Debug|Any CPU.ActiveCfg = Debug|Any CPU
		{B2BDF4CF-F6AF-47B5-A7AA-604C17090024}.Debug|Any CPU.Build.0 = Debug|Any CPU
		{B2BDF4CF-F6AF-47B5-A7AA-604C17090024}.Release|Any CPU.ActiveCfg = Release|Any CPU
		{B2BDF4CF-F6AF-47B5-A7AA-604C17090024}.Release|Any CPU.Build.0 = Release|Any CPU
		{EA51A90A-86C0-4E18-9F50-F10AB289188B}.Debug|Any CPU.ActiveCfg = Debug|Any CPU
		{EA51A90A-86C0-4E18-9F50-F10AB289188B}.Debug|Any CPU.Build.0 = Debug|Any CPU
		{EA51A90A-86C0-4E18-9F50-F10AB289188B}.Release|Any CPU.ActiveCfg = Release|Any CPU
		{EA51A90A-86C0-4E18-9F50-F10AB289188B}.Release|Any CPU.Build.0 = Release|Any CPU
		{C78D4114-28DA-407F-980B-AE4463A3E21C}.Debug|Any CPU.ActiveCfg = Debug|Any CPU
		{C78D4114-28DA-407F-980B-AE4463A3E21C}.Debug|Any CPU.Build.0 = Debug|Any CPU
		{C78D4114-28DA-407F-980B-AE4463A3E21C}.Release|Any CPU.ActiveCfg = Release|Any CPU
		{C78D4114-28DA-407F-980B-AE4463A3E21C}.Release|Any CPU.Build.0 = Release|Any CPU
		{0DC95198-DC04-4E00-BD30-1D1AB8AD557F}.Debug|Any CPU.ActiveCfg = Debug|Any CPU
		{0DC95198-DC04-4E00-BD30-1D1AB8AD557F}.Debug|Any CPU.Build.0 = Debug|Any CPU
		{0DC95198-DC04-4E00-BD30-1D1AB8AD557F}.Release|Any CPU.ActiveCfg = Release|Any CPU
		{0DC95198-DC04-4E00-BD30-1D1AB8AD557F}.Release|Any CPU.Build.0 = Release|Any CPU
		{D9314EC6-D68F-405D-96B7-7C4C22E52E79}.Debug|Any CPU.ActiveCfg = Debug|Any CPU
		{D9314EC6-D68F-405D-96B7-7C4C22E52E79}.Debug|Any CPU.Build.0 = Debug|Any CPU
		{D9314EC6-D68F-405D-96B7-7C4C22E52E79}.Release|Any CPU.ActiveCfg = Release|Any CPU
		{D9314EC6-D68F-405D-96B7-7C4C22E52E79}.Release|Any CPU.Build.0 = Release|Any CPU
		{CA21972A-D855-4E71-98A2-CF2FA06AA695}.Debug|Any CPU.ActiveCfg = Debug|Any CPU
		{CA21972A-D855-4E71-98A2-CF2FA06AA695}.Debug|Any CPU.Build.0 = Debug|Any CPU
		{CA21972A-D855-4E71-98A2-CF2FA06AA695}.Release|Any CPU.ActiveCfg = Release|Any CPU
		{CA21972A-D855-4E71-98A2-CF2FA06AA695}.Release|Any CPU.Build.0 = Release|Any CPU
	EndGlobalSection
	GlobalSection(SolutionProperties) = preSolution
		HideSolutionNode = FALSE
	EndGlobalSection
	GlobalSection(NestedProjects) = preSolution
		{B2BDF4CF-F6AF-47B5-A7AA-604C17090024} = {0E503F2A-9F5B-4675-A5CA-361F388639FD}
		{EA51A90A-86C0-4E18-9F50-F10AB289188B} = {0E503F2A-9F5B-4675-A5CA-361F388639FD}
		{0DC95198-DC04-4E00-BD30-1D1AB8AD557F} = {7B513BA1-BC83-4A22-994D-A74256CA11C7}
		{CA21972A-D855-4E71-98A2-CF2FA06AA695} = {7B513BA1-BC83-4A22-994D-A74256CA11C7}
	EndGlobalSection
	GlobalSection(ExtensibilityGlobals) = postSolution
		SolutionGuid = {2EA11693-849C-4A59-832B-A350062E23A7}
	EndGlobalSection
EndGlobal
